
Microsoft Visual Studio Solution File, Format Version 12.00
# Visual Studio Version 17
VisualStudioVersion = 17.3.32929.385
MinimumVisualStudioVersion = 10.0.40219.1
Project("{FAE04EC0-301F-11D3-BF4B-00C04F79EFBC}") = "Tekstil_Otamasyon", "Tekstil_Otamasyon.csproj", "{E7892768-2B1C-491D-83CC-DCFF9FBA5F99}"
EndProject
Project("{54435603-DBB4-11D2-8724-00A0C9A8B90C}") = "Setup3", "..\Setup3\Setup3.vdproj", "{4B7F9FFE-96F9-42D0-83BD-2B7342C8C5F3}"
EndProject
Global
	GlobalSection(SolutionConfigurationPlatforms) = preSolution
		Debug|Any CPU = Debug|Any CPU
		Release|Any CPU = Release|Any CPU
	EndGlobalSection
	GlobalSection(ProjectConfigurationPlatforms) = postSolution
		{E7892768-2B1C-491D-83CC-DCFF9FBA5F99}.Debug|Any CPU.ActiveCfg = Debug|Any CPU
		{E7892768-2B1C-491D-83CC-DCFF9FBA5F99}.Debug|Any CPU.Build.0 = Debug|Any CPU
		{E7892768-2B1C-491D-83CC-DCFF9FBA5F99}.Release|Any CPU.ActiveCfg = Release|Any CPU
		{E7892768-2B1C-491D-83CC-DCFF9FBA5F99}.Release|Any CPU.Build.0 = Release|Any CPU
		{4B7F9FFE-96F9-42D0-83BD-2B7342C8C5F3}.Debug|Any CPU.ActiveCfg = Debug
		{4B7F9FFE-96F9-42D0-83BD-2B7342C8C5F3}.Release|Any CPU.ActiveCfg = Release
	EndGlobalSection
	GlobalSection(SolutionProperties) = preSolution
		HideSolutionNode = FALSE
	EndGlobalSection
	GlobalSection(ExtensibilityGlobals) = postSolution
		SolutionGuid = {C86B8FDA-E31F-4A12-B3FE-550374A07366}
	EndGlobalSection
EndGlobal
